// !$*UTF8*$!
{
	archiveVersion = 1;
	classes = {
	};
	objectVersion = 46;
	objects = {

/* Begin PBXBuildFile section */
		165C3871173FB3C90014BCAD /* btn_cat.png in Resources */ = {isa = PBXBuildFile; fileRef = 165C3801173FB3C90014BCAD /* btn_cat.png */; };
		165C3872173FB3C90014BCAD /* btn_cat_on.png in Resources */ = {isa = PBXBuildFile; fileRef = 165C3802173FB3C90014BCAD /* btn_cat_on.png */; };
		165C3873173FB3C90014BCAD /* btn_dog.png in Resources */ = {isa = PBXBuildFile; fileRef = 165C3803173FB3C90014BCAD /* btn_dog.png */; };
		165C3874173FB3C90014BCAD /* btn_dog_on.png in Resources */ = {isa = PBXBuildFile; fileRef = 165C3804173FB3C90014BCAD /* btn_dog_on.png */; };
		165C3875173FB3C90014BCAD /* btn_friend.png in Resources */ = {isa = PBXBuildFile; fileRef = 165C3805173FB3C90014BCAD /* btn_friend.png */; };
		165C3876173FB3C90014BCAD /* btn_goat.png in Resources */ = {isa = PBXBuildFile; fileRef = 165C3806173FB3C90014BCAD /* btn_goat.png */; };
		165C3877173FB3C90014BCAD /* btn_goat_on.png in Resources */ = {isa = PBXBuildFile; fileRef = 165C3807173FB3C90014BCAD /* btn_goat_on.png */; };
		165C3878173FB3C90014BCAD /* btn_horse.png in Resources */ = {isa = PBXBuildFile; fileRef = 165C3808173FB3C90014BCAD /* btn_horse.png */; };
		165C3879173FB3C90014BCAD /* btn_horse_on.png in Resources */ = {isa = PBXBuildFile; fileRef = 165C3809173FB3C90014BCAD /* btn_horse_on.png */; };
		165C387A173FB3C90014BCAD /* btn_monkey.png in Resources */ = {isa = PBXBuildFile; fileRef = 165C380A173FB3C90014BCAD /* btn_monkey.png */; };
		165C387B173FB3C90014BCAD /* btn_monkey_on.png in Resources */ = {isa = PBXBuildFile; fileRef = 165C380B173FB3C90014BCAD /* btn_monkey_on.png */; };
		165C387C173FB3C90014BCAD /* btn_pig.png in Resources */ = {isa = PBXBuildFile; fileRef = 165C380C173FB3C90014BCAD /* btn_pig.png */; };
		165C387D173FB3C90014BCAD /* btn_pig_on.png in Resources */ = {isa = PBXBuildFile; fileRef = 165C380D173FB3C90014BCAD /* btn_pig_on.png */; };
		165C387E173FB3C90014BCAD /* cat_cry00@2x.png in Resources */ = {isa = PBXBuildFile; fileRef = 165C380F173FB3C90014BCAD /* cat_cry00@2x.png */; };
		165C387F173FB3C90014BCAD /* cat_cry01@2x.png in Resources */ = {isa = PBXBuildFile; fileRef = 165C3810173FB3C90014BCAD /* cat_cry01@2x.png */; };
		165C3880173FB3C90014BCAD /* cat_cry02@2x.png in Resources */ = {isa = PBXBuildFile; fileRef = 165C3811173FB3C90014BCAD /* cat_cry02@2x.png */; };
		165C3881173FB3C90014BCAD /* cat_normal00@2x.png in Resources */ = {isa = PBXBuildFile; fileRef = 165C3812173FB3C90014BCAD /* cat_normal00@2x.png */; };
		165C3882173FB3C90014BCAD /* cat_normal01@2x.png in Resources */ = {isa = PBXBuildFile; fileRef = 165C3813173FB3C90014BCAD /* cat_normal01@2x.png */; };
		165C3883173FB3C90014BCAD /* cat_normal02@2x.png in Resources */ = {isa = PBXBuildFile; fileRef = 165C3814173FB3C90014BCAD /* cat_normal02@2x.png */; };
		165C3884173FB3C90014BCAD /* cat_sad00@2x.png in Resources */ = {isa = PBXBuildFile; fileRef = 165C3815173FB3C90014BCAD /* cat_sad00@2x.png */; };
		165C3885173FB3C90014BCAD /* cat_sad01@2x.png in Resources */ = {isa = PBXBuildFile; fileRef = 165C3816173FB3C90014BCAD /* cat_sad01@2x.png */; };
		165C3886173FB3C90014BCAD /* cat_sad02@2x.png in Resources */ = {isa = PBXBuildFile; fileRef = 165C3817173FB3C90014BCAD /* cat_sad02@2x.png */; };
		165C3887173FB3C90014BCAD /* cat_smile00@2x.png in Resources */ = {isa = PBXBuildFile; fileRef = 165C3818173FB3C90014BCAD /* cat_smile00@2x.png */; };
		165C3888173FB3C90014BCAD /* cat_smile01@2x.png in Resources */ = {isa = PBXBuildFile; fileRef = 165C3819173FB3C90014BCAD /* cat_smile01@2x.png */; };
		165C3889173FB3C90014BCAD /* cat_smile02@2x.png in Resources */ = {isa = PBXBuildFile; fileRef = 165C381A173FB3C90014BCAD /* cat_smile02@2x.png */; };
		165C388A173FB3C90014BCAD /* dog_cry00@2x.png in Resources */ = {isa = PBXBuildFile; fileRef = 165C381C173FB3C90014BCAD /* dog_cry00@2x.png */; };
		165C388B173FB3C90014BCAD /* dog_cry01@2x.png in Resources */ = {isa = PBXBuildFile; fileRef = 165C381D173FB3C90014BCAD /* dog_cry01@2x.png */; };
		165C388C173FB3C90014BCAD /* dog_cry02@2x.png in Resources */ = {isa = PBXBuildFile; fileRef = 165C381E173FB3C90014BCAD /* dog_cry02@2x.png */; };
		165C388D173FB3C90014BCAD /* dog_normal00@2x.png in Resources */ = {isa = PBXBuildFile; fileRef = 165C381F173FB3C90014BCAD /* dog_normal00@2x.png */; };
		165C388E173FB3C90014BCAD /* dog_normal01@2x.png in Resources */ = {isa = PBXBuildFile; fileRef = 165C3820173FB3C90014BCAD /* dog_normal01@2x.png */; };
		165C388F173FB3C90014BCAD /* dog_normal02@2x.png in Resources */ = {isa = PBXBuildFile; fileRef = 165C3821173FB3C90014BCAD /* dog_normal02@2x.png */; };
		165C3890173FB3C90014BCAD /* dog_sad00@2x.png in Resources */ = {isa = PBXBuildFile; fileRef = 165C3822173FB3C90014BCAD /* dog_sad00@2x.png */; };
		165C3891173FB3C90014BCAD /* dog_sad01@2x.png in Resources */ = {isa = PBXBuildFile; fileRef = 165C3823173FB3C90014BCAD /* dog_sad01@2x.png */; };
		165C3892173FB3C90014BCAD /* dog_sad02@2x.png in Resources */ = {isa = PBXBuildFile; fileRef = 165C3824173FB3C90014BCAD /* dog_sad02@2x.png */; };
		165C3893173FB3C90014BCAD /* dog_smile00@2x.png in Resources */ = {isa = PBXBuildFile; fileRef = 165C3825173FB3C90014BCAD /* dog_smile00@2x.png */; };
		165C3894173FB3C90014BCAD /* dog_smile01@2x.png in Resources */ = {isa = PBXBuildFile; fileRef = 165C3826173FB3C90014BCAD /* dog_smile01@2x.png */; };
		165C3895173FB3C90014BCAD /* dog_smile02@2x.png in Resources */ = {isa = PBXBuildFile; fileRef = 165C3827173FB3C90014BCAD /* dog_smile02@2x.png */; };
		165C3896173FB3C90014BCAD /* goat_cry00@2x.png in Resources */ = {isa = PBXBuildFile; fileRef = 165C3829173FB3C90014BCAD /* goat_cry00@2x.png */; };
		165C3897173FB3C90014BCAD /* goat_cry01@2x.png in Resources */ = {isa = PBXBuildFile; fileRef = 165C382A173FB3C90014BCAD /* goat_cry01@2x.png */; };
		165C3898173FB3C90014BCAD /* goat_cry02@2x.png in Resources */ = {isa = PBXBuildFile; fileRef = 165C382B173FB3C90014BCAD /* goat_cry02@2x.png */; };
		165C3899173FB3C90014BCAD /* goat_normal00@2x.png in Resources */ = {isa = PBXBuildFile; fileRef = 165C382C173FB3C90014BCAD /* goat_normal00@2x.png */; };
		165C389A173FB3C90014BCAD /* goat_normal01@2x.png in Resources */ = {isa = PBXBuildFile; fileRef = 165C382D173FB3C90014BCAD /* goat_normal01@2x.png */; };
		165C389B173FB3C90014BCAD /* goat_normal02@2x.png in Resources */ = {isa = PBXBuildFile; fileRef = 165C382E173FB3C90014BCAD /* goat_normal02@2x.png */; };
		165C389C173FB3C90014BCAD /* goat_sad00@2x.png in Resources */ = {isa = PBXBuildFile; fileRef = 165C382F173FB3C90014BCAD /* goat_sad00@2x.png */; };
		165C389D173FB3C90014BCAD /* goat_sad01@2x.png in Resources */ = {isa = PBXBuildFile; fileRef = 165C3830173FB3C90014BCAD /* goat_sad01@2x.png */; };
		165C389E173FB3C90014BCAD /* goat_sad02@2x.png in Resources */ = {isa = PBXBuildFile; fileRef = 165C3831173FB3C90014BCAD /* goat_sad02@2x.png */; };
		165C389F173FB3C90014BCAD /* goat_smile00@2x.png in Resources */ = {isa = PBXBuildFile; fileRef = 165C3832173FB3C90014BCAD /* goat_smile00@2x.png */; };
		165C38A0173FB3C90014BCAD /* goat_smile01@2x.png in Resources */ = {isa = PBXBuildFile; fileRef = 165C3833173FB3C90014BCAD /* goat_smile01@2x.png */; };
		165C38A1173FB3C90014BCAD /* goat_smile02@2x.png in Resources */ = {isa = PBXBuildFile; fileRef = 165C3834173FB3C90014BCAD /* goat_smile02@2x.png */; };
		165C38A2173FB3C90014BCAD /* horse_cry00@2x.png in Resources */ = {isa = PBXBuildFile; fileRef = 165C3836173FB3C90014BCAD /* horse_cry00@2x.png */; };
		165C38A3173FB3C90014BCAD /* horse_cry01@2x.png in Resources */ = {isa = PBXBuildFile; fileRef = 165C3837173FB3C90014BCAD /* horse_cry01@2x.png */; };
		165C38A4173FB3C90014BCAD /* horse_cry02@2x.png in Resources */ = {isa = PBXBuildFile; fileRef = 165C3838173FB3C90014BCAD /* horse_cry02@2x.png */; };
		165C38A5173FB3C90014BCAD /* horse_normal00@2x.png in Resources */ = {isa = PBXBuildFile; fileRef = 165C3839173FB3C90014BCAD /* horse_normal00@2x.png */; };
		165C38A6173FB3C90014BCAD /* horse_normal01@2x.png in Resources */ = {isa = PBXBuildFile; fileRef = 165C383A173FB3C90014BCAD /* horse_normal01@2x.png */; };
		165C38A7173FB3C90014BCAD /* horse_normal02@2x.png in Resources */ = {isa = PBXBuildFile; fileRef = 165C383B173FB3C90014BCAD /* horse_normal02@2x.png */; };
		165C38A8173FB3C90014BCAD /* horse_sad00@2x.png in Resources */ = {isa = PBXBuildFile; fileRef = 165C383C173FB3C90014BCAD /* horse_sad00@2x.png */; };
		165C38A9173FB3C90014BCAD /* horse_sad01@2x.png in Resources */ = {isa = PBXBuildFile; fileRef = 165C383D173FB3C90014BCAD /* horse_sad01@2x.png */; };
		165C38AA173FB3C90014BCAD /* horse_sad02@2x.png in Resources */ = {isa = PBXBuildFile; fileRef = 165C383E173FB3C90014BCAD /* horse_sad02@2x.png */; };
		165C38AB173FB3C90014BCAD /* horse_smile00@2x.png in Resources */ = {isa = PBXBuildFile; fileRef = 165C383F173FB3C90014BCAD /* horse_smile00@2x.png */; };
		165C38AC173FB3C90014BCAD /* horse_smile01@2x.png in Resources */ = {isa = PBXBuildFile; fileRef = 165C3840173FB3C90014BCAD /* horse_smile01@2x.png */; };
		165C38AD173FB3C90014BCAD /* horse_smile02@2x.png in Resources */ = {isa = PBXBuildFile; fileRef = 165C3841173FB3C90014BCAD /* horse_smile02@2x.png */; };
		165C38AE173FB3C90014BCAD /* monkey_cry00@2x.png in Resources */ = {isa = PBXBuildFile; fileRef = 165C3843173FB3C90014BCAD /* monkey_cry00@2x.png */; };
		165C38AF173FB3C90014BCAD /* monkey_cry01@2x.png in Resources */ = {isa = PBXBuildFile; fileRef = 165C3844173FB3C90014BCAD /* monkey_cry01@2x.png */; };
		165C38B0173FB3C90014BCAD /* monkey_cry02@2x.png in Resources */ = {isa = PBXBuildFile; fileRef = 165C3845173FB3C90014BCAD /* monkey_cry02@2x.png */; };
		165C38B1173FB3C90014BCAD /* monkey_normal00@2x.png in Resources */ = {isa = PBXBuildFile; fileRef = 165C3846173FB3C90014BCAD /* monkey_normal00@2x.png */; };
		165C38B2173FB3C90014BCAD /* monkey_normal01@2x.png in Resources */ = {isa = PBXBuildFile; fileRef = 165C3847173FB3C90014BCAD /* monkey_normal01@2x.png */; };
		165C38B3173FB3C90014BCAD /* monkey_normal02@2x.png in Resources */ = {isa = PBXBuildFile; fileRef = 165C3848173FB3C90014BCAD /* monkey_normal02@2x.png */; };
		165C38B4173FB3C90014BCAD /* monkey_sad00@2x.png in Resources */ = {isa = PBXBuildFile; fileRef = 165C3849173FB3C90014BCAD /* monkey_sad00@2x.png */; };
		165C38B5173FB3C90014BCAD /* monkey_sad01@2x.png in Resources */ = {isa = PBXBuildFile; fileRef = 165C384A173FB3C90014BCAD /* monkey_sad01@2x.png */; };
		165C38B6173FB3C90014BCAD /* monkey_sad02@2x.png in Resources */ = {isa = PBXBuildFile; fileRef = 165C384B173FB3C90014BCAD /* monkey_sad02@2x.png */; };
		165C38B7173FB3C90014BCAD /* monkey_smaile00@2x.png in Resources */ = {isa = PBXBuildFile; fileRef = 165C384C173FB3C90014BCAD /* monkey_smaile00@2x.png */; };
		165C38B8173FB3C90014BCAD /* monkey_smaile01@2x.png in Resources */ = {isa = PBXBuildFile; fileRef = 165C384D173FB3C90014BCAD /* monkey_smaile01@2x.png */; };
		165C38B9173FB3C90014BCAD /* monkey_smaile02@2x.png in Resources */ = {isa = PBXBuildFile; fileRef = 165C384E173FB3C90014BCAD /* monkey_smaile02@2x.png */; };
		165C38BA173FB3C90014BCAD /* pig_cry00@2x.png in Resources */ = {isa = PBXBuildFile; fileRef = 165C3850173FB3C90014BCAD /* pig_cry00@2x.png */; };
		165C38BB173FB3C90014BCAD /* pig_cry01@2x.png in Resources */ = {isa = PBXBuildFile; fileRef = 165C3851173FB3C90014BCAD /* pig_cry01@2x.png */; };
		165C38BC173FB3C90014BCAD /* pig_cry02@2x.png in Resources */ = {isa = PBXBuildFile; fileRef = 165C3852173FB3C90014BCAD /* pig_cry02@2x.png */; };
		165C38BD173FB3C90014BCAD /* pig_normal00@2x.png in Resources */ = {isa = PBXBuildFile; fileRef = 165C3853173FB3C90014BCAD /* pig_normal00@2x.png */; };
		165C38BE173FB3C90014BCAD /* pig_normal01@2x.png in Resources */ = {isa = PBXBuildFile; fileRef = 165C3854173FB3C90014BCAD /* pig_normal01@2x.png */; };
		165C38BF173FB3C90014BCAD /* pig_normal02@2x.png in Resources */ = {isa = PBXBuildFile; fileRef = 165C3855173FB3C90014BCAD /* pig_normal02@2x.png */; };
		165C38C0173FB3C90014BCAD /* pig_sad00@2x.png in Resources */ = {isa = PBXBuildFile; fileRef = 165C3856173FB3C90014BCAD /* pig_sad00@2x.png */; };
		165C38C1173FB3C90014BCAD /* pig_sad01@2x.png in Resources */ = {isa = PBXBuildFile; fileRef = 165C3857173FB3C90014BCAD /* pig_sad01@2x.png */; };
		165C38C2173FB3C90014BCAD /* pig_sad02@2x.png in Resources */ = {isa = PBXBuildFile; fileRef = 165C3858173FB3C90014BCAD /* pig_sad02@2x.png */; };
		165C38C3173FB3C90014BCAD /* pig_smile00@2x.png in Resources */ = {isa = PBXBuildFile; fileRef = 165C3859173FB3C90014BCAD /* pig_smile00@2x.png */; };
		165C38C4173FB3C90014BCAD /* pig_smile01@2x.png in Resources */ = {isa = PBXBuildFile; fileRef = 165C385A173FB3C90014BCAD /* pig_smile01@2x.png */; };
		165C38C5173FB3C90014BCAD /* pig_smile02@2x.png in Resources */ = {isa = PBXBuildFile; fileRef = 165C385B173FB3C90014BCAD /* pig_smile02@2x.png */; };
		165C38C6173FB3C90014BCAD /* btn_go@2x.png in Resources */ = {isa = PBXBuildFile; fileRef = 165C385D173FB3C90014BCAD /* btn_go@2x.png */; };
		165C38C7173FB3C90014BCAD /* btn_howto@2x.png in Resources */ = {isa = PBXBuildFile; fileRef = 165C385E173FB3C90014BCAD /* btn_howto@2x.png */; };
		165C38C8173FB3C90014BCAD /* btn_start@2x.png in Resources */ = {isa = PBXBuildFile; fileRef = 165C385F173FB3C90014BCAD /* btn_start@2x.png */; };
		165C38C9173FB3C90014BCAD /* btn_start_hover@2x.png in Resources */ = {isa = PBXBuildFile; fileRef = 165C3860173FB3C90014BCAD /* btn_start_hover@2x.png */; };
		165C38CA173FB3C90014BCAD /* kao@2x.png in Resources */ = {isa = PBXBuildFile; fileRef = 165C3861173FB3C90014BCAD /* kao@2x.png */; };
		165C38CB173FB3C90014BCAD /* select@2x.png in Resources */ = {isa = PBXBuildFile; fileRef = 165C3862173FB3C90014BCAD /* select@2x.png */; };
		165C38CC173FB3C90014BCAD /* takeapic@2x.png in Resources */ = {isa = PBXBuildFile; fileRef = 165C3863173FB3C90014BCAD /* takeapic@2x.png */; };
		165C38CD173FB3C90014BCAD /* top@2x.png in Resources */ = {isa = PBXBuildFile; fileRef = 165C3864173FB3C90014BCAD /* top@2x.png */; };
		165C38CE173FB3C90014BCAD /* train@2x.png in Resources */ = {isa = PBXBuildFile; fileRef = 165C3865173FB3C90014BCAD /* train@2x.png */; };
		165C38CF173FB3C90014BCAD /* cat.wav in Resources */ = {isa = PBXBuildFile; fileRef = 165C3867173FB3C90014BCAD /* cat.wav */; };
		165C38D0173FB3C90014BCAD /* dog.wav in Resources */ = {isa = PBXBuildFile; fileRef = 165C3868173FB3C90014BCAD /* dog.wav */; };
		165C38D1173FB3C90014BCAD /* enter.mp3 in Resources */ = {isa = PBXBuildFile; fileRef = 165C3869173FB3C90014BCAD /* enter.mp3 */; };
		165C38D2173FB3C90014BCAD /* goat.wav in Resources */ = {isa = PBXBuildFile; fileRef = 165C386A173FB3C90014BCAD /* goat.wav */; };
		165C38D3173FB3C90014BCAD /* horse.wav in Resources */ = {isa = PBXBuildFile; fileRef = 165C386B173FB3C90014BCAD /* horse.wav */; };
		165C38D4173FB3C90014BCAD /* monkey.wav in Resources */ = {isa = PBXBuildFile; fileRef = 165C386C173FB3C90014BCAD /* monkey.wav */; };
		165C38D5173FB3C90014BCAD /* pig.wav in Resources */ = {isa = PBXBuildFile; fileRef = 165C386D173FB3C90014BCAD /* pig.wav */; };
		165C38D6173FB3C90014BCAD /* select.mp3 in Resources */ = {isa = PBXBuildFile; fileRef = 165C386E173FB3C90014BCAD /* select.mp3 */; };
		165C38D7173FB3C90014BCAD /* top.wav in Resources */ = {isa = PBXBuildFile; fileRef = 165C386F173FB3C90014BCAD /* top.wav */; };
		165C38D8173FB3C90014BCAD /* train.wav in Resources */ = {isa = PBXBuildFile; fileRef = 165C3870173FB3C90014BCAD /* train.wav */; };
		D30BF95A16A8766100330966 /* SGSelectViewController.m in Sources */ = {isa = PBXBuildFile; fileRef = D30BF95916A8766100330966 /* SGSelectViewController.m */; };
		D30BF95E16A877A300330966 /* AnimalViewController.m in Sources */ = {isa = PBXBuildFile; fileRef = D30BF95C16A877A300330966 /* AnimalViewController.m */; };
		D30BF95F16A877A300330966 /* AnimalViewController.xib in Resources */ = {isa = PBXBuildFile; fileRef = D30BF95D16A877A300330966 /* AnimalViewController.xib */; };
		D31B137216B108BB00CFD4FB /* icon_57.png in Resources */ = {isa = PBXBuildFile; fileRef = D31B137016B108BB00CFD4FB /* icon_57.png */; };
		D31B137316B108BB00CFD4FB /* icon_114.png in Resources */ = {isa = PBXBuildFile; fileRef = D31B137116B108BB00CFD4FB /* icon_114.png */; };
		D37C4A3C169F53BF000ABF4A /* AudioToolbox.framework in Frameworks */ = {isa = PBXBuildFile; fileRef = D37C4A3B169F53BF000ABF4A /* AudioToolbox.framework */; };
		D3BCBBDF168EDAED00475923 /* UIKit.framework in Frameworks */ = {isa = PBXBuildFile; fileRef = D3BCBBDE168EDAED00475923 /* UIKit.framework */; };
		D3BCBBE1168EDAED00475923 /* Foundation.framework in Frameworks */ = {isa = PBXBuildFile; fileRef = D3BCBBE0168EDAED00475923 /* Foundation.framework */; };
		D3BCBBE3168EDAED00475923 /* CoreGraphics.framework in Frameworks */ = {isa = PBXBuildFile; fileRef = D3BCBBE2168EDAED00475923 /* CoreGraphics.framework */; };
		D3BCBBE9168EDAED00475923 /* InfoPlist.strings in Resources */ = {isa = PBXBuildFile; fileRef = D3BCBBE7168EDAED00475923 /* InfoPlist.strings */; };
		D3BCBBEB168EDAED00475923 /* main.m in Sources */ = {isa = PBXBuildFile; fileRef = D3BCBBEA168EDAED00475923 /* main.m */; };
		D3BCBBEF168EDAED00475923 /* AppDelegate.m in Sources */ = {isa = PBXBuildFile; fileRef = D3BCBBEE168EDAED00475923 /* AppDelegate.m */; };
		D3BCBBF1168EDAEE00475923 /* Default.png in Resources */ = {isa = PBXBuildFile; fileRef = D3BCBBF0168EDAEE00475923 /* Default.png */; };
		D3BCBBF3168EDAEE00475923 /* Default@2x.png in Resources */ = {isa = PBXBuildFile; fileRef = D3BCBBF2168EDAEE00475923 /* Default@2x.png */; };
		D3BCBBF5168EDAEE00475923 /* Default-568h@2x.png in Resources */ = {isa = PBXBuildFile; fileRef = D3BCBBF4168EDAEE00475923 /* Default-568h@2x.png */; };
		D3BCBBF8168EDAEE00475923 /* ViewController.m in Sources */ = {isa = PBXBuildFile; fileRef = D3BCBBF7168EDAEE00475923 /* ViewController.m */; };
		D3BCBBFB168EDAEE00475923 /* ViewController.xib in Resources */ = {isa = PBXBuildFile; fileRef = D3BCBBF9168EDAEE00475923 /* ViewController.xib */; };
		D3C85393168EDC5300BE645E /* AccelerometerEx.m in Sources */ = {isa = PBXBuildFile; fileRef = D3C8538E168EDC5300BE645E /* AccelerometerEx.m */; settings = {COMPILER_FLAGS = "-fno-objc-arc"; }; };
		D3C85394168EDC5300BE645E /* AccelerometerEx.xib in Resources */ = {isa = PBXBuildFile; fileRef = D3C8538F168EDC5300BE645E /* AccelerometerEx.xib */; };
		D3C853A1168EDCE500BE645E /* AVFoundation.framework in Frameworks */ = {isa = PBXBuildFile; fileRef = D3C853A0168EDCE500BE645E /* AVFoundation.framework */; };
/* End PBXBuildFile section */

/* Begin PBXFileReference section */
		165C3801173FB3C90014BCAD /* btn_cat.png */ = {isa = PBXFileReference; lastKnownFileType = image.png; path = btn_cat.png; sourceTree = "<group>"; };
		165C3802173FB3C90014BCAD /* btn_cat_on.png */ = {isa = PBXFileReference; lastKnownFileType = image.png; path = btn_cat_on.png; sourceTree = "<group>"; };
		165C3803173FB3C90014BCAD /* btn_dog.png */ = {isa = PBXFileReference; lastKnownFileType = image.png; path = btn_dog.png; sourceTree = "<group>"; };
		165C3804173FB3C90014BCAD /* btn_dog_on.png */ = {isa = PBXFileReference; lastKnownFileType = image.png; path = btn_dog_on.png; sourceTree = "<group>"; };
		165C3805173FB3C90014BCAD /* btn_friend.png */ = {isa = PBXFileReference; lastKnownFileType = image.png; path = btn_friend.png; sourceTree = "<group>"; };
		165C3806173FB3C90014BCAD /* btn_goat.png */ = {isa = PBXFileReference; lastKnownFileType = image.png; path = btn_goat.png; sourceTree = "<group>"; };
		165C3807173FB3C90014BCAD /* btn_goat_on.png */ = {isa = PBXFileReference; lastKnownFileType = image.png; path = btn_goat_on.png; sourceTree = "<group>"; };
		165C3808173FB3C90014BCAD /* btn_horse.png */ = {isa = PBXFileReference; lastKnownFileType = image.png; path = btn_horse.png; sourceTree = "<group>"; };
		165C3809173FB3C90014BCAD /* btn_horse_on.png */ = {isa = PBXFileReference; lastKnownFileType = image.png; path = btn_horse_on.png; sourceTree = "<group>"; };
		165C380A173FB3C90014BCAD /* btn_monkey.png */ = {isa = PBXFileReference; lastKnownFileType = image.png; path = btn_monkey.png; sourceTree = "<group>"; };
		165C380B173FB3C90014BCAD /* btn_monkey_on.png */ = {isa = PBXFileReference; lastKnownFileType = image.png; path = btn_monkey_on.png; sourceTree = "<group>"; };
		165C380C173FB3C90014BCAD /* btn_pig.png */ = {isa = PBXFileReference; lastKnownFileType = image.png; path = btn_pig.png; sourceTree = "<group>"; };
		165C380D173FB3C90014BCAD /* btn_pig_on.png */ = {isa = PBXFileReference; lastKnownFileType = image.png; path = btn_pig_on.png; sourceTree = "<group>"; };
		165C380F173FB3C90014BCAD /* cat_cry00@2x.png */ = {isa = PBXFileReference; lastKnownFileType = image.png; path = "cat_cry00@2x.png"; sourceTree = "<group>"; };
		165C3810173FB3C90014BCAD /* cat_cry01@2x.png */ = {isa = PBXFileReference; lastKnownFileType = image.png; path = "cat_cry01@2x.png"; sourceTree = "<group>"; };
		165C3811173FB3C90014BCAD /* cat_cry02@2x.png */ = {isa = PBXFileReference; lastKnownFileType = image.png; path = "cat_cry02@2x.png"; sourceTree = "<group>"; };
		165C3812173FB3C90014BCAD /* cat_normal00@2x.png */ = {isa = PBXFileReference; lastKnownFileType = image.png; path = "cat_normal00@2x.png"; sourceTree = "<group>"; };
		165C3813173FB3C90014BCAD /* cat_normal01@2x.png */ = {isa = PBXFileReference; lastKnownFileType = image.png; path = "cat_normal01@2x.png"; sourceTree = "<group>"; };
		165C3814173FB3C90014BCAD /* cat_normal02@2x.png */ = {isa = PBXFileReference; lastKnownFileType = image.png; path = "cat_normal02@2x.png"; sourceTree = "<group>"; };
		165C3815173FB3C90014BCAD /* cat_sad00@2x.png */ = {isa = PBXFileReference; lastKnownFileType = image.png; path = "cat_sad00@2x.png"; sourceTree = "<group>"; };
		165C3816173FB3C90014BCAD /* cat_sad01@2x.png */ = {isa = PBXFileReference; lastKnownFileType = image.png; path = "cat_sad01@2x.png"; sourceTree = "<group>"; };
		165C3817173FB3C90014BCAD /* cat_sad02@2x.png */ = {isa = PBXFileReference; lastKnownFileType = image.png; path = "cat_sad02@2x.png"; sourceTree = "<group>"; };
		165C3818173FB3C90014BCAD /* cat_smile00@2x.png */ = {isa = PBXFileReference; lastKnownFileType = image.png; path = "cat_smile00@2x.png"; sourceTree = "<group>"; };
		165C3819173FB3C90014BCAD /* cat_smile01@2x.png */ = {isa = PBXFileReference; lastKnownFileType = image.png; path = "cat_smile01@2x.png"; sourceTree = "<group>"; };
		165C381A173FB3C90014BCAD /* cat_smile02@2x.png */ = {isa = PBXFileReference; lastKnownFileType = image.png; path = "cat_smile02@2x.png"; sourceTree = "<group>"; };
		165C381C173FB3C90014BCAD /* dog_cry00@2x.png */ = {isa = PBXFileReference; lastKnownFileType = image.png; path = "dog_cry00@2x.png"; sourceTree = "<group>"; };
		165C381D173FB3C90014BCAD /* dog_cry01@2x.png */ = {isa = PBXFileReference; lastKnownFileType = image.png; path = "dog_cry01@2x.png"; sourceTree = "<group>"; };
		165C381E173FB3C90014BCAD /* dog_cry02@2x.png */ = {isa = PBXFileReference; lastKnownFileType = image.png; path = "dog_cry02@2x.png"; sourceTree = "<group>"; };
		165C381F173FB3C90014BCAD /* dog_normal00@2x.png */ = {isa = PBXFileReference; lastKnownFileType = image.png; path = "dog_normal00@2x.png"; sourceTree = "<group>"; };
		165C3820173FB3C90014BCAD /* dog_normal01@2x.png */ = {isa = PBXFileReference; lastKnownFileType = image.png; path = "dog_normal01@2x.png"; sourceTree = "<group>"; };
		165C3821173FB3C90014BCAD /* dog_normal02@2x.png */ = {isa = PBXFileReference; lastKnownFileType = image.png; path = "dog_normal02@2x.png"; sourceTree = "<group>"; };
		165C3822173FB3C90014BCAD /* dog_sad00@2x.png */ = {isa = PBXFileReference; lastKnownFileType = image.png; path = "dog_sad00@2x.png"; sourceTree = "<group>"; };
		165C3823173FB3C90014BCAD /* dog_sad01@2x.png */ = {isa = PBXFileReference; lastKnownFileType = image.png; path = "dog_sad01@2x.png"; sourceTree = "<group>"; };
		165C3824173FB3C90014BCAD /* dog_sad02@2x.png */ = {isa = PBXFileReference; lastKnownFileType = image.png; path = "dog_sad02@2x.png"; sourceTree = "<group>"; };
		165C3825173FB3C90014BCAD /* dog_smile00@2x.png */ = {isa = PBXFileReference; lastKnownFileType = image.png; path = "dog_smile00@2x.png"; sourceTree = "<group>"; };
		165C3826173FB3C90014BCAD /* dog_smile01@2x.png */ = {isa = PBXFileReference; lastKnownFileType = image.png; path = "dog_smile01@2x.png"; sourceTree = "<group>"; };
		165C3827173FB3C90014BCAD /* dog_smile02@2x.png */ = {isa = PBXFileReference; lastKnownFileType = image.png; path = "dog_smile02@2x.png"; sourceTree = "<group>"; };
		165C3829173FB3C90014BCAD /* goat_cry00@2x.png */ = {isa = PBXFileReference; lastKnownFileType = image.png; path = "goat_cry00@2x.png"; sourceTree = "<group>"; };
		165C382A173FB3C90014BCAD /* goat_cry01@2x.png */ = {isa = PBXFileReference; lastKnownFileType = image.png; path = "goat_cry01@2x.png"; sourceTree = "<group>"; };
		165C382B173FB3C90014BCAD /* goat_cry02@2x.png */ = {isa = PBXFileReference; lastKnownFileType = image.png; path = "goat_cry02@2x.png"; sourceTree = "<group>"; };
		165C382C173FB3C90014BCAD /* goat_normal00@2x.png */ = {isa = PBXFileReference; lastKnownFileType = image.png; path = "goat_normal00@2x.png"; sourceTree = "<group>"; };
		165C382D173FB3C90014BCAD /* goat_normal01@2x.png */ = {isa = PBXFileReference; lastKnownFileType = image.png; path = "goat_normal01@2x.png"; sourceTree = "<group>"; };
		165C382E173FB3C90014BCAD /* goat_normal02@2x.png */ = {isa = PBXFileReference; lastKnownFileType = image.png; path = "goat_normal02@2x.png"; sourceTree = "<group>"; };
		165C382F173FB3C90014BCAD /* goat_sad00@2x.png */ = {isa = PBXFileReference; lastKnownFileType = image.png; path = "goat_sad00@2x.png"; sourceTree = "<group>"; };
		165C3830173FB3C90014BCAD /* goat_sad01@2x.png */ = {isa = PBXFileReference; lastKnownFileType = image.png; path = "goat_sad01@2x.png"; sourceTree = "<group>"; };
		165C3831173FB3C90014BCAD /* goat_sad02@2x.png */ = {isa = PBXFileReference; lastKnownFileType = image.png; path = "goat_sad02@2x.png"; sourceTree = "<group>"; };
		165C3832173FB3C90014BCAD /* goat_smile00@2x.png */ = {isa = PBXFileReference; lastKnownFileType = image.png; path = "goat_smile00@2x.png"; sourceTree = "<group>"; };
		165C3833173FB3C90014BCAD /* goat_smile01@2x.png */ = {isa = PBXFileReference; lastKnownFileType = image.png; path = "goat_smile01@2x.png"; sourceTree = "<group>"; };
		165C3834173FB3C90014BCAD /* goat_smile02@2x.png */ = {isa = PBXFileReference; lastKnownFileType = image.png; path = "goat_smile02@2x.png"; sourceTree = "<group>"; };
		165C3836173FB3C90014BCAD /* horse_cry00@2x.png */ = {isa = PBXFileReference; lastKnownFileType = image.png; path = "horse_cry00@2x.png"; sourceTree = "<group>"; };
		165C3837173FB3C90014BCAD /* horse_cry01@2x.png */ = {isa = PBXFileReference; lastKnownFileType = image.png; path = "horse_cry01@2x.png"; sourceTree = "<group>"; };
		165C3838173FB3C90014BCAD /* horse_cry02@2x.png */ = {isa = PBXFileReference; lastKnownFileType = image.png; path = "horse_cry02@2x.png"; sourceTree = "<group>"; };
		165C3839173FB3C90014BCAD /* horse_normal00@2x.png */ = {isa = PBXFileReference; lastKnownFileType = image.png; path = "horse_normal00@2x.png"; sourceTree = "<group>"; };
		165C383A173FB3C90014BCAD /* horse_normal01@2x.png */ = {isa = PBXFileReference; lastKnownFileType = image.png; path = "horse_normal01@2x.png"; sourceTree = "<group>"; };
		165C383B173FB3C90014BCAD /* horse_normal02@2x.png */ = {isa = PBXFileReference; lastKnownFileType = image.png; path = "horse_normal02@2x.png"; sourceTree = "<group>"; };
		165C383C173FB3C90014BCAD /* horse_sad00@2x.png */ = {isa = PBXFileReference; lastKnownFileType = image.png; path = "horse_sad00@2x.png"; sourceTree = "<group>"; };
		165C383D173FB3C90014BCAD /* horse_sad01@2x.png */ = {isa = PBXFileReference; lastKnownFileType = image.png; path = "horse_sad01@2x.png"; sourceTree = "<group>"; };
		165C383E173FB3C90014BCAD /* horse_sad02@2x.png */ = {isa = PBXFileReference; lastKnownFileType = image.png; path = "horse_sad02@2x.png"; sourceTree = "<group>"; };
		165C383F173FB3C90014BCAD /* horse_smile00@2x.png */ = {isa = PBXFileReference; lastKnownFileType = image.png; path = "horse_smile00@2x.png"; sourceTree = "<group>"; };
		165C3840173FB3C90014BCAD /* horse_smile01@2x.png */ = {isa = PBXFileReference; lastKnownFileType = image.png; path = "horse_smile01@2x.png"; sourceTree = "<group>"; };
		165C3841173FB3C90014BCAD /* horse_smile02@2x.png */ = {isa = PBXFileReference; lastKnownFileType = image.png; path = "horse_smile02@2x.png"; sourceTree = "<group>"; };
		165C3843173FB3C90014BCAD /* monkey_cry00@2x.png */ = {isa = PBXFileReference; lastKnownFileType = image.png; path = "monkey_cry00@2x.png"; sourceTree = "<group>"; };
		165C3844173FB3C90014BCAD /* monkey_cry01@2x.png */ = {isa = PBXFileReference; lastKnownFileType = image.png; path = "monkey_cry01@2x.png"; sourceTree = "<group>"; };
		165C3845173FB3C90014BCAD /* monkey_cry02@2x.png */ = {isa = PBXFileReference; lastKnownFileType = image.png; path = "monkey_cry02@2x.png"; sourceTree = "<group>"; };
		165C3846173FB3C90014BCAD /* monkey_normal00@2x.png */ = {isa = PBXFileReference; lastKnownFileType = image.png; path = "monkey_normal00@2x.png"; sourceTree = "<group>"; };
		165C3847173FB3C90014BCAD /* monkey_normal01@2x.png */ = {isa = PBXFileReference; lastKnownFileType = image.png; path = "monkey_normal01@2x.png"; sourceTree = "<group>"; };
		165C3848173FB3C90014BCAD /* monkey_normal02@2x.png */ = {isa = PBXFileReference; lastKnownFileType = image.png; path = "monkey_normal02@2x.png"; sourceTree = "<group>"; };
		165C3849173FB3C90014BCAD /* monkey_sad00@2x.png */ = {isa = PBXFileReference; lastKnownFileType = image.png; path = "monkey_sad00@2x.png"; sourceTree = "<group>"; };
		165C384A173FB3C90014BCAD /* monkey_sad01@2x.png */ = {isa = PBXFileReference; lastKnownFileType = image.png; path = "monkey_sad01@2x.png"; sourceTree = "<group>"; };
		165C384B173FB3C90014BCAD /* monkey_sad02@2x.png */ = {isa = PBXFileReference; lastKnownFileType = image.png; path = "monkey_sad02@2x.png"; sourceTree = "<group>"; };
		165C384C173FB3C90014BCAD /* monkey_smaile00@2x.png */ = {isa = PBXFileReference; lastKnownFileType = image.png; path = "monkey_smaile00@2x.png"; sourceTree = "<group>"; };
		165C384D173FB3C90014BCAD /* monkey_smaile01@2x.png */ = {isa = PBXFileReference; lastKnownFileType = image.png; path = "monkey_smaile01@2x.png"; sourceTree = "<group>"; };
		165C384E173FB3C90014BCAD /* monkey_smaile02@2x.png */ = {isa = PBXFileReference; lastKnownFileType = image.png; path = "monkey_smaile02@2x.png"; sourceTree = "<group>"; };
		165C3850173FB3C90014BCAD /* pig_cry00@2x.png */ = {isa = PBXFileReference; lastKnownFileType = image.png; path = "pig_cry00@2x.png"; sourceTree = "<group>"; };
		165C3851173FB3C90014BCAD /* pig_cry01@2x.png */ = {isa = PBXFileReference; lastKnownFileType = image.png; path = "pig_cry01@2x.png"; sourceTree = "<group>"; };
		165C3852173FB3C90014BCAD /* pig_cry02@2x.png */ = {isa = PBXFileReference; lastKnownFileType = image.png; path = "pig_cry02@2x.png"; sourceTree = "<group>"; };
		165C3853173FB3C90014BCAD /* pig_normal00@2x.png */ = {isa = PBXFileReference; lastKnownFileType = image.png; path = "pig_normal00@2x.png"; sourceTree = "<group>"; };
		165C3854173FB3C90014BCAD /* pig_normal01@2x.png */ = {isa = PBXFileReference; lastKnownFileType = image.png; path = "pig_normal01@2x.png"; sourceTree = "<group>"; };
		165C3855173FB3C90014BCAD /* pig_normal02@2x.png */ = {isa = PBXFileReference; lastKnownFileType = image.png; path = "pig_normal02@2x.png"; sourceTree = "<group>"; };
		165C3856173FB3C90014BCAD /* pig_sad00@2x.png */ = {isa = PBXFileReference; lastKnownFileType = image.png; path = "pig_sad00@2x.png"; sourceTree = "<group>"; };
		165C3857173FB3C90014BCAD /* pig_sad01@2x.png */ = {isa = PBXFileReference; lastKnownFileType = image.png; path = "pig_sad01@2x.png"; sourceTree = "<group>"; };
		165C3858173FB3C90014BCAD /* pig_sad02@2x.png */ = {isa = PBXFileReference; lastKnownFileType = image.png; path = "pig_sad02@2x.png"; sourceTree = "<group>"; };
		165C3859173FB3C90014BCAD /* pig_smile00@2x.png */ = {isa = PBXFileReference; lastKnownFileType = image.png; path = "pig_smile00@2x.png"; sourceTree = "<group>"; };
		165C385A173FB3C90014BCAD /* pig_smile01@2x.png */ = {isa = PBXFileReference; lastKnownFileType = image.png; path = "pig_smile01@2x.png"; sourceTree = "<group>"; };
		165C385B173FB3C90014BCAD /* pig_smile02@2x.png */ = {isa = PBXFileReference; lastKnownFileType = image.png; path = "pig_smile02@2x.png"; sourceTree = "<group>"; };
		165C385D173FB3C90014BCAD /* btn_go@2x.png */ = {isa = PBXFileReference; lastKnownFileType = image.png; path = "btn_go@2x.png"; sourceTree = "<group>"; };
		165C385E173FB3C90014BCAD /* btn_howto@2x.png */ = {isa = PBXFileReference; lastKnownFileType = image.png; path = "btn_howto@2x.png"; sourceTree = "<group>"; };
		165C385F173FB3C90014BCAD /* btn_start@2x.png */ = {isa = PBXFileReference; lastKnownFileType = image.png; path = "btn_start@2x.png"; sourceTree = "<group>"; };
		165C3860173FB3C90014BCAD /* btn_start_hover@2x.png */ = {isa = PBXFileReference; lastKnownFileType = image.png; path = "btn_start_hover@2x.png"; sourceTree = "<group>"; };
		165C3861173FB3C90014BCAD /* kao@2x.png */ = {isa = PBXFileReference; lastKnownFileType = image.png; path = "kao@2x.png"; sourceTree = "<group>"; };
		165C3862173FB3C90014BCAD /* select@2x.png */ = {isa = PBXFileReference; lastKnownFileType = image.png; path = "select@2x.png"; sourceTree = "<group>"; };
		165C3863173FB3C90014BCAD /* takeapic@2x.png */ = {isa = PBXFileReference; lastKnownFileType = image.png; path = "takeapic@2x.png"; sourceTree = "<group>"; };
		165C3864173FB3C90014BCAD /* top@2x.png */ = {isa = PBXFileReference; lastKnownFileType = image.png; path = "top@2x.png"; sourceTree = "<group>"; };
		165C3865173FB3C90014BCAD /* train@2x.png */ = {isa = PBXFileReference; lastKnownFileType = image.png; path = "train@2x.png"; sourceTree = "<group>"; };
		165C3867173FB3C90014BCAD /* cat.wav */ = {isa = PBXFileReference; lastKnownFileType = audio.wav; path = cat.wav; sourceTree = "<group>"; };
		165C3868173FB3C90014BCAD /* dog.wav */ = {isa = PBXFileReference; lastKnownFileType = audio.wav; path = dog.wav; sourceTree = "<group>"; };
		165C3869173FB3C90014BCAD /* enter.mp3 */ = {isa = PBXFileReference; lastKnownFileType = audio.mp3; path = enter.mp3; sourceTree = "<group>"; };
		165C386A173FB3C90014BCAD /* goat.wav */ = {isa = PBXFileReference; lastKnownFileType = audio.wav; path = goat.wav; sourceTree = "<group>"; };
		165C386B173FB3C90014BCAD /* horse.wav */ = {isa = PBXFileReference; lastKnownFileType = audio.wav; path = horse.wav; sourceTree = "<group>"; };
		165C386C173FB3C90014BCAD /* monkey.wav */ = {isa = PBXFileReference; lastKnownFileType = audio.wav; path = monkey.wav; sourceTree = "<group>"; };
		165C386D173FB3C90014BCAD /* pig.wav */ = {isa = PBXFileReference; lastKnownFileType = audio.wav; path = pig.wav; sourceTree = "<group>"; };
		165C386E173FB3C90014BCAD /* select.mp3 */ = {isa = PBXFileReference; lastKnownFileType = audio.mp3; path = select.mp3; sourceTree = "<group>"; };
		165C386F173FB3C90014BCAD /* top.wav */ = {isa = PBXFileReference; lastKnownFileType = audio.wav; path = top.wav; sourceTree = "<group>"; };
		165C3870173FB3C90014BCAD /* train.wav */ = {isa = PBXFileReference; lastKnownFileType = audio.wav; path = train.wav; sourceTree = "<group>"; };
		D30BF95816A8766100330966 /* SGSelectViewController.h */ = {isa = PBXFileReference; fileEncoding = 4; lastKnownFileType = sourcecode.c.h; path = SGSelectViewController.h; sourceTree = "<group>"; };
		D30BF95916A8766100330966 /* SGSelectViewController.m */ = {isa = PBXFileReference; fileEncoding = 4; lastKnownFileType = sourcecode.c.objc; path = SGSelectViewController.m; sourceTree = "<group>"; };
		D30BF95B16A877A300330966 /* AnimalViewController.h */ = {isa = PBXFileReference; fileEncoding = 4; lastKnownFileType = sourcecode.c.h; path = AnimalViewController.h; sourceTree = "<group>"; };
		D30BF95C16A877A300330966 /* AnimalViewController.m */ = {isa = PBXFileReference; fileEncoding = 4; lastKnownFileType = sourcecode.c.objc; path = AnimalViewController.m; sourceTree = "<group>"; };
		D30BF95D16A877A300330966 /* AnimalViewController.xib */ = {isa = PBXFileReference; fileEncoding = 4; lastKnownFileType = file.xib; path = AnimalViewController.xib; sourceTree = "<group>"; };
		D31B137016B108BB00CFD4FB /* icon_57.png */ = {isa = PBXFileReference; lastKnownFileType = image.png; path = icon_57.png; sourceTree = "<group>"; };
		D31B137116B108BB00CFD4FB /* icon_114.png */ = {isa = PBXFileReference; lastKnownFileType = image.png; path = icon_114.png; sourceTree = "<group>"; };
		D37C4A3B169F53BF000ABF4A /* AudioToolbox.framework */ = {isa = PBXFileReference; lastKnownFileType = wrapper.framework; name = AudioToolbox.framework; path = System/Library/Frameworks/AudioToolbox.framework; sourceTree = SDKROOT; };
		D3BCBBDA168EDAED00475923 /* notteco.app */ = {isa = PBXFileReference; explicitFileType = wrapper.application; includeInIndex = 0; path = notteco.app; sourceTree = BUILT_PRODUCTS_DIR; };
		D3BCBBDE168EDAED00475923 /* UIKit.framework */ = {isa = PBXFileReference; lastKnownFileType = wrapper.framework; name = UIKit.framework; path = System/Library/Frameworks/UIKit.framework; sourceTree = SDKROOT; };
		D3BCBBE0168EDAED00475923 /* Foundation.framework */ = {isa = PBXFileReference; lastKnownFileType = wrapper.framework; name = Foundation.framework; path = System/Library/Frameworks/Foundation.framework; sourceTree = SDKROOT; };
		D3BCBBE2168EDAED00475923 /* CoreGraphics.framework */ = {isa = PBXFileReference; lastKnownFileType = wrapper.framework; name = CoreGraphics.framework; path = System/Library/Frameworks/CoreGraphics.framework; sourceTree = SDKROOT; };
		D3BCBBE6168EDAED00475923 /* notteco-Info.plist */ = {isa = PBXFileReference; lastKnownFileType = text.plist.xml; path = "notteco-Info.plist"; sourceTree = "<group>"; };
		D3BCBBE8168EDAED00475923 /* en */ = {isa = PBXFileReference; lastKnownFileType = text.plist.strings; name = en; path = en.lproj/InfoPlist.strings; sourceTree = "<group>"; };
		D3BCBBEA168EDAED00475923 /* main.m */ = {isa = PBXFileReference; lastKnownFileType = sourcecode.c.objc; path = main.m; sourceTree = "<group>"; };
		D3BCBBEC168EDAED00475923 /* notteco-Prefix.pch */ = {isa = PBXFileReference; lastKnownFileType = sourcecode.c.h; path = "notteco-Prefix.pch"; sourceTree = "<group>"; };
		D3BCBBED168EDAED00475923 /* AppDelegate.h */ = {isa = PBXFileReference; lastKnownFileType = sourcecode.c.h; path = AppDelegate.h; sourceTree = "<group>"; };
		D3BCBBEE168EDAED00475923 /* AppDelegate.m */ = {isa = PBXFileReference; lastKnownFileType = sourcecode.c.objc; path = AppDelegate.m; sourceTree = "<group>"; };
		D3BCBBF0168EDAEE00475923 /* Default.png */ = {isa = PBXFileReference; lastKnownFileType = image.png; path = Default.png; sourceTree = "<group>"; };
		D3BCBBF2168EDAEE00475923 /* Default@2x.png */ = {isa = PBXFileReference; lastKnownFileType = image.png; path = "Default@2x.png"; sourceTree = "<group>"; };
		D3BCBBF4168EDAEE00475923 /* Default-568h@2x.png */ = {isa = PBXFileReference; lastKnownFileType = image.png; path = "Default-568h@2x.png"; sourceTree = "<group>"; };
		D3BCBBF6168EDAEE00475923 /* ViewController.h */ = {isa = PBXFileReference; lastKnownFileType = sourcecode.c.h; path = ViewController.h; sourceTree = "<group>"; };
		D3BCBBF7168EDAEE00475923 /* ViewController.m */ = {isa = PBXFileReference; lastKnownFileType = sourcecode.c.objc; path = ViewController.m; sourceTree = "<group>"; };
		D3BCBBFA168EDAEE00475923 /* en */ = {isa = PBXFileReference; lastKnownFileType = file.xib; name = en; path = en.lproj/ViewController.xib; sourceTree = "<group>"; };
		D3C8538D168EDC5300BE645E /* AccelerometerEx.h */ = {isa = PBXFileReference; fileEncoding = 4; lastKnownFileType = sourcecode.c.h; path = AccelerometerEx.h; sourceTree = "<group>"; };
		D3C8538E168EDC5300BE645E /* AccelerometerEx.m */ = {isa = PBXFileReference; fileEncoding = 4; lastKnownFileType = sourcecode.c.objc; path = AccelerometerEx.m; sourceTree = "<group>"; };
		D3C8538F168EDC5300BE645E /* AccelerometerEx.xib */ = {isa = PBXFileReference; fileEncoding = 4; lastKnownFileType = file.xib; path = AccelerometerEx.xib; sourceTree = "<group>"; };
		D3C853A0168EDCE500BE645E /* AVFoundation.framework */ = {isa = PBXFileReference; lastKnownFileType = wrapper.framework; name = AVFoundation.framework; path = System/Library/Frameworks/AVFoundation.framework; sourceTree = SDKROOT; };
/* End PBXFileReference section */

/* Begin PBXFrameworksBuildPhase section */
		D3BCBBD7168EDAED00475923 /* Frameworks */ = {
			isa = PBXFrameworksBuildPhase;
			buildActionMask = 2147483647;
			files = (
				D37C4A3C169F53BF000ABF4A /* AudioToolbox.framework in Frameworks */,
				D3C853A1168EDCE500BE645E /* AVFoundation.framework in Frameworks */,
				D3BCBBDF168EDAED00475923 /* UIKit.framework in Frameworks */,
				D3BCBBE1168EDAED00475923 /* Foundation.framework in Frameworks */,
				D3BCBBE3168EDAED00475923 /* CoreGraphics.framework in Frameworks */,
			);
			runOnlyForDeploymentPostprocessing = 0;
		};
/* End PBXFrameworksBuildPhase section */

/* Begin PBXGroup section */
		165C37FE173FB3C90014BCAD /* Resource */ = {
			isa = PBXGroup;
			children = (
				165C37FF173FB3C90014BCAD /* images */,
				165C3866173FB3C90014BCAD /* sound */,
			);
			path = Resource;
			sourceTree = "<group>";
		};
		165C37FF173FB3C90014BCAD /* images */ = {
			isa = PBXGroup;
			children = (
				165C3800173FB3C90014BCAD /* btn */,
				165C380E173FB3C90014BCAD /* cat */,
				165C381B173FB3C90014BCAD /* dog */,
				165C3828173FB3C90014BCAD /* goat */,
				165C3835173FB3C90014BCAD /* horse */,
				165C3842173FB3C90014BCAD /* monkey */,
				165C384F173FB3C90014BCAD /* pig */,
				165C385C173FB3C90014BCAD /* screen */,
			);
			path = images;
			sourceTree = "<group>";
		};
		165C3800173FB3C90014BCAD /* btn */ = {
			isa = PBXGroup;
			children = (
				165C3801173FB3C90014BCAD /* btn_cat.png */,
				165C3802173FB3C90014BCAD /* btn_cat_on.png */,
				165C3803173FB3C90014BCAD /* btn_dog.png */,
				165C3804173FB3C90014BCAD /* btn_dog_on.png */,
				165C3805173FB3C90014BCAD /* btn_friend.png */,
				165C3806173FB3C90014BCAD /* btn_goat.png */,
				165C3807173FB3C90014BCAD /* btn_goat_on.png */,
				165C3808173FB3C90014BCAD /* btn_horse.png */,
				165C3809173FB3C90014BCAD /* btn_horse_on.png */,
				165C380A173FB3C90014BCAD /* btn_monkey.png */,
				165C380B173FB3C90014BCAD /* btn_monkey_on.png */,
				165C380C173FB3C90014BCAD /* btn_pig.png */,
				165C380D173FB3C90014BCAD /* btn_pig_on.png */,
			);
			path = btn;
			sourceTree = "<group>";
		};
		165C380E173FB3C90014BCAD /* cat */ = {
			isa = PBXGroup;
			children = (
				165C380F173FB3C90014BCAD /* cat_cry00@2x.png */,
				165C3810173FB3C90014BCAD /* cat_cry01@2x.png */,
				165C3811173FB3C90014BCAD /* cat_cry02@2x.png */,
				165C3812173FB3C90014BCAD /* cat_normal00@2x.png */,
				165C3813173FB3C90014BCAD /* cat_normal01@2x.png */,
				165C3814173FB3C90014BCAD /* cat_normal02@2x.png */,
				165C3815173FB3C90014BCAD /* cat_sad00@2x.png */,
				165C3816173FB3C90014BCAD /* cat_sad01@2x.png */,
				165C3817173FB3C90014BCAD /* cat_sad02@2x.png */,
				165C3818173FB3C90014BCAD /* cat_smile00@2x.png */,
				165C3819173FB3C90014BCAD /* cat_smile01@2x.png */,
				165C381A173FB3C90014BCAD /* cat_smile02@2x.png */,
			);
			path = cat;
			sourceTree = "<group>";
		};
		165C381B173FB3C90014BCAD /* dog */ = {
			isa = PBXGroup;
			children = (
				165C381C173FB3C90014BCAD /* dog_cry00@2x.png */,
				165C381D173FB3C90014BCAD /* dog_cry01@2x.png */,
				165C381E173FB3C90014BCAD /* dog_cry02@2x.png */,
				165C381F173FB3C90014BCAD /* dog_normal00@2x.png */,
				165C3820173FB3C90014BCAD /* dog_normal01@2x.png */,
				165C3821173FB3C90014BCAD /* dog_normal02@2x.png */,
				165C3822173FB3C90014BCAD /* dog_sad00@2x.png */,
				165C3823173FB3C90014BCAD /* dog_sad01@2x.png */,
				165C3824173FB3C90014BCAD /* dog_sad02@2x.png */,
				165C3825173FB3C90014BCAD /* dog_smile00@2x.png */,
				165C3826173FB3C90014BCAD /* dog_smile01@2x.png */,
				165C3827173FB3C90014BCAD /* dog_smile02@2x.png */,
			);
			path = dog;
			sourceTree = "<group>";
		};
		165C3828173FB3C90014BCAD /* goat */ = {
			isa = PBXGroup;
			children = (
				165C3829173FB3C90014BCAD /* goat_cry00@2x.png */,
				165C382A173FB3C90014BCAD /* goat_cry01@2x.png */,
				165C382B173FB3C90014BCAD /* goat_cry02@2x.png */,
				165C382C173FB3C90014BCAD /* goat_normal00@2x.png */,
				165C382D173FB3C90014BCAD /* goat_normal01@2x.png */,
				165C382E173FB3C90014BCAD /* goat_normal02@2x.png */,
				165C382F173FB3C90014BCAD /* goat_sad00@2x.png */,
				165C3830173FB3C90014BCAD /* goat_sad01@2x.png */,
				165C3831173FB3C90014BCAD /* goat_sad02@2x.png */,
				165C3832173FB3C90014BCAD /* goat_smile00@2x.png */,
				165C3833173FB3C90014BCAD /* goat_smile01@2x.png */,
				165C3834173FB3C90014BCAD /* goat_smile02@2x.png */,
			);
			path = goat;
			sourceTree = "<group>";
		};
		165C3835173FB3C90014BCAD /* horse */ = {
			isa = PBXGroup;
			children = (
				165C3836173FB3C90014BCAD /* horse_cry00@2x.png */,
				165C3837173FB3C90014BCAD /* horse_cry01@2x.png */,
				165C3838173FB3C90014BCAD /* horse_cry02@2x.png */,
				165C3839173FB3C90014BCAD /* horse_normal00@2x.png */,
				165C383A173FB3C90014BCAD /* horse_normal01@2x.png */,
				165C383B173FB3C90014BCAD /* horse_normal02@2x.png */,
				165C383C173FB3C90014BCAD /* horse_sad00@2x.png */,
				165C383D173FB3C90014BCAD /* horse_sad01@2x.png */,
				165C383E173FB3C90014BCAD /* horse_sad02@2x.png */,
				165C383F173FB3C90014BCAD /* horse_smile00@2x.png */,
				165C3840173FB3C90014BCAD /* horse_smile01@2x.png */,
				165C3841173FB3C90014BCAD /* horse_smile02@2x.png */,
			);
			path = horse;
			sourceTree = "<group>";
		};
		165C3842173FB3C90014BCAD /* monkey */ = {
			isa = PBXGroup;
			children = (
				165C3843173FB3C90014BCAD /* monkey_cry00@2x.png */,
				165C3844173FB3C90014BCAD /* monkey_cry01@2x.png */,
				165C3845173FB3C90014BCAD /* monkey_cry02@2x.png */,
				165C3846173FB3C90014BCAD /* monkey_normal00@2x.png */,
				165C3847173FB3C90014BCAD /* monkey_normal01@2x.png */,
				165C3848173FB3C90014BCAD /* monkey_normal02@2x.png */,
				165C3849173FB3C90014BCAD /* monkey_sad00@2x.png */,
				165C384A173FB3C90014BCAD /* monkey_sad01@2x.png */,
				165C384B173FB3C90014BCAD /* monkey_sad02@2x.png */,
				165C384C173FB3C90014BCAD /* monkey_smaile00@2x.png */,
				165C384D173FB3C90014BCAD /* monkey_smaile01@2x.png */,
				165C384E173FB3C90014BCAD /* monkey_smaile02@2x.png */,
			);
			path = monkey;
			sourceTree = "<group>";
		};
		165C384F173FB3C90014BCAD /* pig */ = {
			isa = PBXGroup;
			children = (
				165C3850173FB3C90014BCAD /* pig_cry00@2x.png */,
				165C3851173FB3C90014BCAD /* pig_cry01@2x.png */,
				165C3852173FB3C90014BCAD /* pig_cry02@2x.png */,
				165C3853173FB3C90014BCAD /* pig_normal00@2x.png */,
				165C3854173FB3C90014BCAD /* pig_normal01@2x.png */,
				165C3855173FB3C90014BCAD /* pig_normal02@2x.png */,
				165C3856173FB3C90014BCAD /* pig_sad00@2x.png */,
				165C3857173FB3C90014BCAD /* pig_sad01@2x.png */,
				165C3858173FB3C90014BCAD /* pig_sad02@2x.png */,
				165C3859173FB3C90014BCAD /* pig_smile00@2x.png */,
				165C385A173FB3C90014BCAD /* pig_smile01@2x.png */,
				165C385B173FB3C90014BCAD /* pig_smile02@2x.png */,
			);
			path = pig;
			sourceTree = "<group>";
		};
		165C385C173FB3C90014BCAD /* screen */ = {
			isa = PBXGroup;
			children = (
				165C385D173FB3C90014BCAD /* btn_go@2x.png */,
				165C385E173FB3C90014BCAD /* btn_howto@2x.png */,
				165C385F173FB3C90014BCAD /* btn_start@2x.png */,
				165C3860173FB3C90014BCAD /* btn_start_hover@2x.png */,
				165C3861173FB3C90014BCAD /* kao@2x.png */,
				165C3862173FB3C90014BCAD /* select@2x.png */,
				165C3863173FB3C90014BCAD /* takeapic@2x.png */,
				165C3864173FB3C90014BCAD /* top@2x.png */,
				165C3865173FB3C90014BCAD /* train@2x.png */,
			);
			path = screen;
			sourceTree = "<group>";
		};
		165C3866173FB3C90014BCAD /* sound */ = {
			isa = PBXGroup;
			children = (
				165C3867173FB3C90014BCAD /* cat.wav */,
				165C3868173FB3C90014BCAD /* dog.wav */,
				165C3869173FB3C90014BCAD /* enter.mp3 */,
				165C386A173FB3C90014BCAD /* goat.wav */,
				165C386B173FB3C90014BCAD /* horse.wav */,
				165C386C173FB3C90014BCAD /* monkey.wav */,
				165C386D173FB3C90014BCAD /* pig.wav */,
				165C386E173FB3C90014BCAD /* select.mp3 */,
				165C386F173FB3C90014BCAD /* top.wav */,
				165C3870173FB3C90014BCAD /* train.wav */,
			);
			path = sound;
			sourceTree = "<group>";
		};
		D3BCBBCF168EDAED00475923 = {
			isa = PBXGroup;
			children = (
				D31B137016B108BB00CFD4FB /* icon_57.png */,
				D31B137116B108BB00CFD4FB /* icon_114.png */,
				D37C4A3B169F53BF000ABF4A /* AudioToolbox.framework */,
				D3C853A0168EDCE500BE645E /* AVFoundation.framework */,
				D3BCBBE4168EDAED00475923 /* notteco */,
				D3BCBBDD168EDAED00475923 /* Frameworks */,
				D3BCBBDB168EDAED00475923 /* Products */,
			);
			sourceTree = "<group>";
			usesTabs = 0;
		};
		D3BCBBDB168EDAED00475923 /* Products */ = {
			isa = PBXGroup;
			children = (
				D3BCBBDA168EDAED00475923 /* notteco.app */,
			);
			name = Products;
			sourceTree = "<group>";
		};
		D3BCBBDD168EDAED00475923 /* Frameworks */ = {
			isa = PBXGroup;
			children = (
				D3BCBBDE168EDAED00475923 /* UIKit.framework */,
				D3BCBBE0168EDAED00475923 /* Foundation.framework */,
				D3BCBBE2168EDAED00475923 /* CoreGraphics.framework */,
			);
			name = Frameworks;
			sourceTree = "<group>";
		};
		D3BCBBE4168EDAED00475923 /* notteco */ = {
			isa = PBXGroup;
			children = (
				D30BF95816A8766100330966 /* SGSelectViewController.h */,
				D30BF95916A8766100330966 /* SGSelectViewController.m */,
				D3BCBBED168EDAED00475923 /* AppDelegate.h */,
				D3BCBBEE168EDAED00475923 /* AppDelegate.m */,
				D3BCBBF6168EDAEE00475923 /* ViewController.h */,
				D3BCBBF7168EDAEE00475923 /* ViewController.m */,
				D3BCBBF9168EDAEE00475923 /* ViewController.xib */,
				D3C8538D168EDC5300BE645E /* AccelerometerEx.h */,
				D3C8538E168EDC5300BE645E /* AccelerometerEx.m */,
				D3C8538F168EDC5300BE645E /* AccelerometerEx.xib */,
				D30BF95B16A877A300330966 /* AnimalViewController.h */,
				D30BF95C16A877A300330966 /* AnimalViewController.m */,
				D30BF95D16A877A300330966 /* AnimalViewController.xib */,
				D3BCBBE5168EDAED00475923 /* Supporting Files */,
				165C37FE173FB3C90014BCAD /* Resource */,
			);
			path = notteco;
			sourceTree = "<group>";
		};
		D3BCBBE5168EDAED00475923 /* Supporting Files */ = {
			isa = PBXGroup;
			children = (
				D3BCBBE6168EDAED00475923 /* notteco-Info.plist */,
				D3BCBBE7168EDAED00475923 /* InfoPlist.strings */,
				D3BCBBEA168EDAED00475923 /* main.m */,
				D3BCBBEC168EDAED00475923 /* notteco-Prefix.pch */,
				D3BCBBF0168EDAEE00475923 /* Default.png */,
				D3BCBBF2168EDAEE00475923 /* Default@2x.png */,
				D3BCBBF4168EDAEE00475923 /* Default-568h@2x.png */,
			);
			name = "Supporting Files";
			sourceTree = "<group>";
		};
/* End PBXGroup section */

/* Begin PBXNativeTarget section */
		D3BCBBD9168EDAED00475923 /* notteco */ = {
			isa = PBXNativeTarget;
			buildConfigurationList = D3BCBBFE168EDAEE00475923 /* Build configuration list for PBXNativeTarget "notteco" */;
			buildPhases = (
				D3BCBBD6168EDAED00475923 /* Sources */,
				D3BCBBD7168EDAED00475923 /* Frameworks */,
				D3BCBBD8168EDAED00475923 /* Resources */,
			);
			buildRules = (
			);
			dependencies = (
			);
			name = notteco;
			productName = notteco;
			productReference = D3BCBBDA168EDAED00475923 /* notteco.app */;
			productType = "com.apple.product-type.application";
		};
/* End PBXNativeTarget section */

/* Begin PBXProject section */
		D3BCBBD1168EDAED00475923 /* Project object */ = {
			isa = PBXProject;
			attributes = {
				LastUpgradeCheck = 0450;
				ORGANIZATIONNAME = "Makoto Shiga";
			};
			buildConfigurationList = D3BCBBD4168EDAED00475923 /* Build configuration list for PBXProject "notteco" */;
			compatibilityVersion = "Xcode 3.2";
			developmentRegion = English;
			hasScannedForEncodings = 0;
			knownRegions = (
				en,
			);
			mainGroup = D3BCBBCF168EDAED00475923;
			productRefGroup = D3BCBBDB168EDAED00475923 /* Products */;
			projectDirPath = "";
			projectRoot = "";
			targets = (
				D3BCBBD9168EDAED00475923 /* notteco */,
			);
		};
/* End PBXProject section */

/* Begin PBXResourcesBuildPhase section */
		D3BCBBD8168EDAED00475923 /* Resources */ = {
			isa = PBXResourcesBuildPhase;
			buildActionMask = 2147483647;
			files = (
				D3BCBBE9168EDAED00475923 /* InfoPlist.strings in Resources */,
				D3BCBBF1168EDAEE00475923 /* Default.png in Resources */,
				D3BCBBF3168EDAEE00475923 /* Default@2x.png in Resources */,
				D3BCBBF5168EDAEE00475923 /* Default-568h@2x.png in Resources */,
				D3BCBBFB168EDAEE00475923 /* ViewController.xib in Resources */,
				D3C85394168EDC5300BE645E /* AccelerometerEx.xib in Resources */,
				D30BF95F16A877A300330966 /* AnimalViewController.xib in Resources */,
				D31B137216B108BB00CFD4FB /* icon_57.png in Resources */,
				D31B137316B108BB00CFD4FB /* icon_114.png in Resources */,
				165C3871173FB3C90014BCAD /* btn_cat.png in Resources */,
				165C3872173FB3C90014BCAD /* btn_cat_on.png in Resources */,
				165C3873173FB3C90014BCAD /* btn_dog.png in Resources */,
				165C3874173FB3C90014BCAD /* btn_dog_on.png in Resources */,
				165C3875173FB3C90014BCAD /* btn_friend.png in Resources */,
				165C3876173FB3C90014BCAD /* btn_goat.png in Resources */,
				165C3877173FB3C90014BCAD /* btn_goat_on.png in Resources */,
				165C3878173FB3C90014BCAD /* btn_horse.png in Resources */,
				165C3879173FB3C90014BCAD /* btn_horse_on.png in Resources */,
				165C387A173FB3C90014BCAD /* btn_monkey.png in Resources */,
				165C387B173FB3C90014BCAD /* btn_monkey_on.png in Resources */,
				165C387C173FB3C90014BCAD /* btn_pig.png in Resources */,
				165C387D173FB3C90014BCAD /* btn_pig_on.png in Resources */,
				165C387E173FB3C90014BCAD /* cat_cry00@2x.png in Resources */,
				165C387F173FB3C90014BCAD /* cat_cry01@2x.png in Resources */,
				165C3880173FB3C90014BCAD /* cat_cry02@2x.png in Resources */,
				165C3881173FB3C90014BCAD /* cat_normal00@2x.png in Resources */,
				165C3882173FB3C90014BCAD /* cat_normal01@2x.png in Resources */,
				165C3883173FB3C90014BCAD /* cat_normal02@2x.png in Resources */,
				165C3884173FB3C90014BCAD /* cat_sad00@2x.png in Resources */,
				165C3885173FB3C90014BCAD /* cat_sad01@2x.png in Resources */,
				165C3886173FB3C90014BCAD /* cat_sad02@2x.png in Resources */,
				165C3887173FB3C90014BCAD /* cat_smile00@2x.png in Resources */,
				165C3888173FB3C90014BCAD /* cat_smile01@2x.png in Resources */,
				165C3889173FB3C90014BCAD /* cat_smile02@2x.png in Resources */,
				165C388A173FB3C90014BCAD /* dog_cry00@2x.png in Resources */,
				165C388B173FB3C90014BCAD /* dog_cry01@2x.png in Resources */,
				165C388C173FB3C90014BCAD /* dog_cry02@2x.png in Resources */,
				165C388D173FB3C90014BCAD /* dog_normal00@2x.png in Resources */,
				165C388E173FB3C90014BCAD /* dog_normal01@2x.png in Resources */,
				165C388F173FB3C90014BCAD /* dog_normal02@2x.png in Resources */,
				165C3890173FB3C90014BCAD /* dog_sad00@2x.png in Resources */,
				165C3891173FB3C90014BCAD /* dog_sad01@2x.png in Resources */,
				165C3892173FB3C90014BCAD /* dog_sad02@2x.png in Resources */,
				165C3893173FB3C90014BCAD /* dog_smile00@2x.png in Resources */,
				165C3894173FB3C90014BCAD /* dog_smile01@2x.png in Resources */,
				165C3895173FB3C90014BCAD /* dog_smile02@2x.png in Resources */,
				165C3896173FB3C90014BCAD /* goat_cry00@2x.png in Resources */,
				165C3897173FB3C90014BCAD /* goat_cry01@2x.png in Resources */,
				165C3898173FB3C90014BCAD /* goat_cry02@2x.png in Resources */,
				165C3899173FB3C90014BCAD /* goat_normal00@2x.png in Resources */,
				165C389A173FB3C90014BCAD /* goat_normal01@2x.png in Resources */,
				165C389B173FB3C90014BCAD /* goat_normal02@2x.png in Resources */,
				165C389C173FB3C90014BCAD /* goat_sad00@2x.png in Resources */,
				165C389D173FB3C90014BCAD /* goat_sad01@2x.png in Resources */,
				165C389E173FB3C90014BCAD /* goat_sad02@2x.png in Resources */,
				165C389F173FB3C90014BCAD /* goat_smile00@2x.png in Resources */,
				165C38A0173FB3C90014BCAD /* goat_smile01@2x.png in Resources */,
				165C38A1173FB3C90014BCAD /* goat_smile02@2x.png in Resources */,
				165C38A2173FB3C90014BCAD /* horse_cry00@2x.png in Resources */,
				165C38A3173FB3C90014BCAD /* horse_cry01@2x.png in Resources */,
				165C38A4173FB3C90014BCAD /* horse_cry02@2x.png in Resources */,
				165C38A5173FB3C90014BCAD /* horse_normal00@2x.png in Resources */,
				165C38A6173FB3C90014BCAD /* horse_normal01@2x.png in Resources */,
				165C38A7173FB3C90014BCAD /* horse_normal02@2x.png in Resources */,
				165C38A8173FB3C90014BCAD /* horse_sad00@2x.png in Resources */,
				165C38A9173FB3C90014BCAD /* horse_sad01@2x.png in Resources */,
				165C38AA173FB3C90014BCAD /* horse_sad02@2x.png in Resources */,
				165C38AB173FB3C90014BCAD /* horse_smile00@2x.png in Resources */,
				165C38AC173FB3C90014BCAD /* horse_smile01@2x.png in Resources */,
				165C38AD173FB3C90014BCAD /* horse_smile02@2x.png in Resources */,
				165C38AE173FB3C90014BCAD /* monkey_cry00@2x.png in Resources */,
				165C38AF173FB3C90014BCAD /* monkey_cry01@2x.png in Resources */,
				165C38B0173FB3C90014BCAD /* monkey_cry02@2x.png in Resources */,
				165C38B1173FB3C90014BCAD /* monkey_normal00@2x.png in Resources */,
				165C38B2173FB3C90014BCAD /* monkey_normal01@2x.png in Resources */,
				165C38B3173FB3C90014BCAD /* monkey_normal02@2x.png in Resources */,
				165C38B4173FB3C90014BCAD /* monkey_sad00@2x.png in Resources */,
				165C38B5173FB3C90014BCAD /* monkey_sad01@2x.png in Resources */,
				165C38B6173FB3C90014BCAD /* monkey_sad02@2x.png in Resources */,
				165C38B7173FB3C90014BCAD /* monkey_smaile00@2x.png in Resources */,
				165C38B8173FB3C90014BCAD /* monkey_smaile01@2x.png in Resources */,
				165C38B9173FB3C90014BCAD /* monkey_smaile02@2x.png in Resources */,
				165C38BA173FB3C90014BCAD /* pig_cry00@2x.png in Resources */,
				165C38BB173FB3C90014BCAD /* pig_cry01@2x.png in Resources */,
				165C38BC173FB3C90014BCAD /* pig_cry02@2x.png in Resources */,
				165C38BD173FB3C90014BCAD /* pig_normal00@2x.png in Resources */,
				165C38BE173FB3C90014BCAD /* pig_normal01@2x.png in Resources */,
				165C38BF173FB3C90014BCAD /* pig_normal02@2x.png in Resources */,
				165C38C0173FB3C90014BCAD /* pig_sad00@2x.png in Resources */,
				165C38C1173FB3C90014BCAD /* pig_sad01@2x.png in Resources */,
				165C38C2173FB3C90014BCAD /* pig_sad02@2x.png in Resources */,
				165C38C3173FB3C90014BCAD /* pig_smile00@2x.png in Resources */,
				165C38C4173FB3C90014BCAD /* pig_smile01@2x.png in Resources */,
				165C38C5173FB3C90014BCAD /* pig_smile02@2x.png in Resources */,
				165C38C6173FB3C90014BCAD /* btn_go@2x.png in Resources */,
				165C38C7173FB3C90014BCAD /* btn_howto@2x.png in Resources */,
				165C38C8173FB3C90014BCAD /* btn_start@2x.png in Resources */,
				165C38C9173FB3C90014BCAD /* btn_start_hover@2x.png in Resources */,
				165C38CA173FB3C90014BCAD /* kao@2x.png in Resources */,
				165C38CB173FB3C90014BCAD /* select@2x.png in Resources */,
				165C38CC173FB3C90014BCAD /* takeapic@2x.png in Resources */,
				165C38CD173FB3C90014BCAD /* top@2x.png in Resources */,
				165C38CE173FB3C90014BCAD /* train@2x.png in Resources */,
				165C38CF173FB3C90014BCAD /* cat.wav in Resources */,
				165C38D0173FB3C90014BCAD /* dog.wav in Resources */,
				165C38D1173FB3C90014BCAD /* enter.mp3 in Resources */,
				165C38D2173FB3C90014BCAD /* goat.wav in Resources */,
				165C38D3173FB3C90014BCAD /* horse.wav in Resources */,
				165C38D4173FB3C90014BCAD /* monkey.wav in Resources */,
				165C38D5173FB3C90014BCAD /* pig.wav in Resources */,
				165C38D6173FB3C90014BCAD /* select.mp3 in Resources */,
				165C38D7173FB3C90014BCAD /* top.wav in Resources */,
				165C38D8173FB3C90014BCAD /* train.wav in Resources */,
			);
			runOnlyForDeploymentPostprocessing = 0;
		};
/* End PBXResourcesBuildPhase section */

/* Begin PBXSourcesBuildPhase section */
		D3BCBBD6168EDAED00475923 /* Sources */ = {
			isa = PBXSourcesBuildPhase;
			buildActionMask = 2147483647;
			files = (
				D3BCBBEB168EDAED00475923 /* main.m in Sources */,
				D3BCBBEF168EDAED00475923 /* AppDelegate.m in Sources */,
				D3BCBBF8168EDAEE00475923 /* ViewController.m in Sources */,
				D3C85393168EDC5300BE645E /* AccelerometerEx.m in Sources */,
				D30BF95A16A8766100330966 /* SGSelectViewController.m in Sources */,
				D30BF95E16A877A300330966 /* AnimalViewController.m in Sources */,
			);
			runOnlyForDeploymentPostprocessing = 0;
		};
/* End PBXSourcesBuildPhase section */

/* Begin PBXVariantGroup section */
		D3BCBBE7168EDAED00475923 /* InfoPlist.strings */ = {
			isa = PBXVariantGroup;
			children = (
				D3BCBBE8168EDAED00475923 /* en */,
			);
			name = InfoPlist.strings;
			sourceTree = "<group>";
		};
		D3BCBBF9168EDAEE00475923 /* ViewController.xib */ = {
			isa = PBXVariantGroup;
			children = (
				D3BCBBFA168EDAEE00475923 /* en */,
			);
			name = ViewController.xib;
			sourceTree = "<group>";
		};
/* End PBXVariantGroup section */

/* Begin XCBuildConfiguration section */
		D3BCBBFC168EDAEE00475923 /* Debug */ = {
			isa = XCBuildConfiguration;
			buildSettings = {
				ALWAYS_SEARCH_USER_PATHS = NO;
				CLANG_CXX_LANGUAGE_STANDARD = "gnu++0x";
				CLANG_CXX_LIBRARY = "libc++";
				CLANG_ENABLE_OBJC_ARC = YES;
				CLANG_WARN_EMPTY_BODY = YES;
				CLANG_WARN__DUPLICATE_METHOD_MATCH = YES;
				CODE_SIGN_IDENTITY = "";
				"CODE_SIGN_IDENTITY[sdk=iphoneos*]" = "iPhone Developer";
				COPY_PHASE_STRIP = NO;
				GCC_C_LANGUAGE_STANDARD = gnu99;
				GCC_DYNAMIC_NO_PIC = NO;
				GCC_OPTIMIZATION_LEVEL = 0;
				GCC_PREPROCESSOR_DEFINITIONS = (
					"DEBUG=1",
					"$(inherited)",
				);
				GCC_SYMBOLS_PRIVATE_EXTERN = NO;
				GCC_WARN_ABOUT_RETURN_TYPE = YES;
				GCC_WARN_UNINITIALIZED_AUTOS = YES;
				GCC_WARN_UNUSED_VARIABLE = YES;
				IPHONEOS_DEPLOYMENT_TARGET = 6.0;
				ONLY_ACTIVE_ARCH = YES;
				SDKROOT = iphoneos;
			};
			name = Debug;
		};
		D3BCBBFD168EDAEE00475923 /* Release */ = {
			isa = XCBuildConfiguration;
			buildSettings = {
				ALWAYS_SEARCH_USER_PATHS = NO;
				CLANG_CXX_LANGUAGE_STANDARD = "gnu++0x";
				CLANG_CXX_LIBRARY = "libc++";
				CLANG_ENABLE_OBJC_ARC = YES;
				CLANG_WARN_EMPTY_BODY = YES;
				CLANG_WARN__DUPLICATE_METHOD_MATCH = YES;
				CODE_SIGN_IDENTITY = "";
				"CODE_SIGN_IDENTITY[sdk=iphoneos*]" = "iPhone Developer";
				COPY_PHASE_STRIP = YES;
				GCC_C_LANGUAGE_STANDARD = gnu99;
				GCC_WARN_ABOUT_RETURN_TYPE = YES;
				GCC_WARN_UNINITIALIZED_AUTOS = YES;
				GCC_WARN_UNUSED_VARIABLE = YES;
				IPHONEOS_DEPLOYMENT_TARGET = 6.0;
				OTHER_CFLAGS = "-DNS_BLOCK_ASSERTIONS=1";
				SDKROOT = iphoneos;
				VALIDATE_PRODUCT = YES;
			};
			name = Release;
		};
		D3BCBBFF168EDAEE00475923 /* Debug */ = {
			isa = XCBuildConfiguration;
			buildSettings = {
				CODE_SIGN_IDENTITY = "iPhone Developer: Makoto Shiga (CS32Z6632B)";
				"CODE_SIGN_IDENTITY[sdk=iphoneos*]" = "iPhone Developer: Makoto Shiga (CS32Z6632B)";
				GCC_PRECOMPILE_PREFIX_HEADER = YES;
				GCC_PREFIX_HEADER = "notteco/notteco-Prefix.pch";
				INFOPLIST_FILE = "notteco/notteco-Info.plist";
				IPHONEOS_DEPLOYMENT_TARGET = 6.1;
				PRODUCT_NAME = "$(TARGET_NAME)";
				PROVISIONING_PROFILE = "B3BDB0C1-BF53-4B9C-A2A4-219284C38FD1";
				"PROVISIONING_PROFILE[sdk=iphoneos*]" = "B3BDB0C1-BF53-4B9C-A2A4-219284C38FD1";
				WRAPPER_EXTENSION = app;
			};
			name = Debug;
		};
		D3BCBC00168EDAEE00475923 /* Release */ = {
			isa = XCBuildConfiguration;
			buildSettings = {
				CODE_SIGN_IDENTITY = "";
				GCC_PRECOMPILE_PREFIX_HEADER = YES;
				GCC_PREFIX_HEADER = "notteco/notteco-Prefix.pch";
				INFOPLIST_FILE = "notteco/notteco-Info.plist";
				IPHONEOS_DEPLOYMENT_TARGET = 6.1;
				PRODUCT_NAME = "$(TARGET_NAME)";
				WRAPPER_EXTENSION = app;
			};
			name = Release;
		};
/* End XCBuildConfiguration section */

/* Begin XCConfigurationList section */
		D3BCBBD4168EDAED00475923 /* Build configuration list for PBXProject "notteco" */ = {
			isa = XCConfigurationList;
			buildConfigurations = (
				D3BCBBFC168EDAEE00475923 /* Debug */,
				D3BCBBFD168EDAEE00475923 /* Release */,
			);
			defaultConfigurationIsVisible = 0;
			defaultConfigurationName = Release;
		};
		D3BCBBFE168EDAEE00475923 /* Build configuration list for PBXNativeTarget "notteco" */ = {
			isa = XCConfigurationList;
			buildConfigurations = (
				D3BCBBFF168EDAEE00475923 /* Debug */,
				D3BCBC00168EDAEE00475923 /* Release */,
			);
			defaultConfigurationIsVisible = 0;
			defaultConfigurationName = Release;
		};
/* End XCConfigurationList section */
	};
	rootObject = D3BCBBD1168EDAED00475923 /* Project object */;
}
